
Microsoft Visual Studio Solution File, Format Version 12.00
# Visual Studio Version 17
VisualStudioVersion = 17.5.002.0
MinimumVisualStudioVersion = 10.0.40219.1
Project("{9A19103F-16F7-4668-BE54-9A1E7A4F7556}") = "Catedra1 - WebMovil", "Catedra1 - WebMovil.csproj", "{F225603D-E8CB-4D28-9AF4-9707BBE8BB42}"
EndProject
Global
	GlobalSection(SolutionConfigurationPlatforms) = preSolution
		Debug|Any CPU = Debug|Any CPU
		Release|Any CPU = Release|Any CPU
	EndGlobalSection
	GlobalSection(ProjectConfigurationPlatforms) = postSolution
		{F225603D-E8CB-4D28-9AF4-9707BBE8BB42}.Debug|Any CPU.ActiveCfg = Debug|Any CPU
		{F225603D-E8CB-4D28-9AF4-9707BBE8BB42}.Debug|Any CPU.Build.0 = Debug|Any CPU
		{F225603D-E8CB-4D28-9AF4-9707BBE8BB42}.Release|Any CPU.ActiveCfg = Release|Any CPU
		{F225603D-E8CB-4D28-9AF4-9707BBE8BB42}.Release|Any CPU.Build.0 = Release|Any CPU
	EndGlobalSection
	GlobalSection(SolutionProperties) = preSolution
		HideSolutionNode = FALSE
	EndGlobalSection
	GlobalSection(ExtensibilityGlobals) = postSolution
		SolutionGuid = {ACAB25A7-6561-499A-8E01-333AF4CC7139}
	EndGlobalSection
EndGlobal
